<?xml version="1.0" encoding="utf-8"?>
<Project ToolsVersion="4.0" xmlns="http://schemas.microsoft.com/developer/msbuild/2003">
  <ItemGroup>
    <Filter Include="Source Files">
      <UniqueIdentifier>{4FC737F1-C7A5-4376-A066-2A32D752A2FF}</UniqueIdentifier>
      <Extensions>cpp;c;cc;cxx;c++;cppm;ixx;def;odl;idl;hpj;bat;asm;asmx</Extensions>
    </Filter>
    <Filter Include="Header Files">
      <UniqueIdentifier>{93995380-89BD-4b04-88EB-625FBE52EBFB}</UniqueIdentifier>
      <Extensions>h;hh;hpp;hxx;h++;hm;inl;inc;ipp;xsd</Extensions>
    </Filter>
    <Filter Include="Resource Files">
      <UniqueIdentifier>{67DA6AB6-F800-4c08-8B7A-83BB121AAD01}</UniqueIdentifier>
      <Extensions>rc;ico;cur;bmp;dlg;rc2;rct;bin;rgs;gif;jpg;jpeg;jpe;resx;tiff;tif;png;wav;mfcribbon-ms</Extensions>
    </Filter>
    <Filter Include="Source Files\Ex1-Yu-Gi-Oh!">
      <UniqueIdentifier>{1960a86a-16cb-4023-86cd-46a02e5f5203}</UniqueIdentifier>
    </Filter>
    <Filter Include="Source Files\Ex2-Shopping-cart">
      <UniqueIdentifier>{fd9dc406-fbbf-468f-8247-741452a3ea5d}</UniqueIdentifier>
    </Filter>
  </ItemGroup>
  <ItemGroup>
    <ClCompile Include="Monster.cpp">
      <Filter>Source Files\Ex1-Yu-Gi-Oh!</Filter>
    </ClCompile>
    <ClCompile Include="main.cpp">
      <Filter>Source Files\Ex1-Yu-Gi-Oh!</Filter>
    </ClCompile>
    <ClCompile Include="Magic.cpp">
      <Filter>Source Files\Ex1-Yu-Gi-Oh!</Filter>
    </ClCompile>
    <ClCompile Include="Duelist.cpp">
      <Filter>Source Files\Ex1-Yu-Gi-Oh!</Filter>
    </ClCompile>
    <ClCompile Include="Deck.cpp">
      <Filter>Source Files\Ex1-Yu-Gi-Oh!</Filter>
    </ClCompile>
    <ClCompile Include="main2.cpp">
      <Filter>Source Files\Ex2-Shopping-cart</Filter>
    </ClCompile>
    <ClCompile Include="Item.cpp">
      <Filter>Source Files\Ex2-Shopping-cart</Filter>
    </ClCompile>
  </ItemGroup>
  <ItemGroup>
    <ClInclude Include="Monster.hpp">
      <Filter>Source Files\Ex1-Yu-Gi-Oh!</Filter>
    </ClInclude>
    <ClInclude Include="Magic.hpp">
      <Filter>Source Files\Ex1-Yu-Gi-Oh!</Filter>
    </ClInclude>
    <ClInclude Include="Duelist.hpp">
      <Filter>Source Files\Ex1-Yu-Gi-Oh!</Filter>
    </ClInclude>
    <ClInclude Include="Deck.hpp">
      <Filter>Source Files\Ex1-Yu-Gi-Oh!</Filter>
    </ClInclude>
    <ClInclude Include="Item.hpp">
      <Filter>Source Files\Ex2-Shopping-cart</Filter>
    </ClInclude>
  </ItemGroup>
</Project>